
Microsoft Visual Studio Solution File, Format Version 12.00
# Visual Studio Version 17
VisualStudioVersion = 17.9.34728.123
MinimumVisualStudioVersion = 10.0.40219.1
Project("{9A19103F-16F7-4668-BE54-9A1E7A4F7556}") = "AwesomeAutoClicker", "AwesomeAutoClicker.csproj", "{2BEFC5CA-556D-4468-BD91-0EA88FF3988F}"
EndProject
Global
	GlobalSection(SolutionConfigurationPlatforms) = preSolution
		Debug|Any CPU = Debug|Any CPU
		Release|Any CPU = Release|Any CPU
	EndGlobalSection
	GlobalSection(ProjectConfigurationPlatforms) = postSolution
		{2BEFC5CA-556D-4468-BD91-0EA88FF3988F}.Debug|Any CPU.ActiveCfg = Debug|Any CPU
		{2BEFC5CA-556D-4468-BD91-0EA88FF3988F}.Debug|Any CPU.Build.0 = Debug|Any CPU
		{2BEFC5CA-556D-4468-BD91-0EA88FF3988F}.Release|Any CPU.ActiveCfg = Release|Any CPU
		{2BEFC5CA-556D-4468-BD91-0EA88FF3988F}.Release|Any CPU.Build.0 = Release|Any CPU
	EndGlobalSection
	GlobalSection(SolutionProperties) = preSolution
		HideSolutionNode = FALSE
	EndGlobalSection
	GlobalSection(ExtensibilityGlobals) = postSolution
		SolutionGuid = {22482D44-5650-431B-A5A2-7B504855E1D8}
	EndGlobalSection
EndGlobal
